
Microsoft Visual Studio Solution File, Format Version 12.00
# Visual Studio Version 16
VisualStudioVersion = 16.0.29230.47
MinimumVisualStudioVersion = 10.0.40219.1
Project("{8BC9CEB8-8B4A-11D0-8D11-00A0C91BC942}") = "Sales_Item", "Sales_Item\Sales_Item.vcxproj", "{B105ECEE-5CBF-4428-8FC8-840BD90D355E}"
EndProject
Project("{8BC9CEB8-8B4A-11D0-8D11-00A0C91BC942}") = "Unit_Testing", "Unit_Testing\Unit_Testing.vcxproj", "{1EF8FAAD-A45D-4C74-B046-45154B11245F}"
EndProject
Project("{8BC9CEB8-8B4A-11D0-8D11-00A0C91BC942}") = "Pointer_in_Class", "Pointers_in_Class\Pointer_in_Class.vcxproj", "{46F95D01-B01A-429A-9C20-6C8CC4E3438C}"
EndProject
Global
	GlobalSection(SolutionConfigurationPlatforms) = preSolution
		Debug|x64 = Debug|x64
		Debug|x86 = Debug|x86
		Release|x64 = Release|x64
		Release|x86 = Release|x86
	EndGlobalSection
	GlobalSection(ProjectConfigurationPlatforms) = postSolution
		{B105ECEE-5CBF-4428-8FC8-840BD90D355E}.Debug|x64.ActiveCfg = Debug|x64
		{B105ECEE-5CBF-4428-8FC8-840BD90D355E}.Debug|x64.Build.0 = Debug|x64
		{B105ECEE-5CBF-4428-8FC8-840BD90D355E}.Debug|x86.ActiveCfg = Debug|Win32
		{B105ECEE-5CBF-4428-8FC8-840BD90D355E}.Debug|x86.Build.0 = Debug|Win32
		{B105ECEE-5CBF-4428-8FC8-840BD90D355E}.Release|x64.ActiveCfg = Release|x64
		{B105ECEE-5CBF-4428-8FC8-840BD90D355E}.Release|x64.Build.0 = Release|x64
		{B105ECEE-5CBF-4428-8FC8-840BD90D355E}.Release|x86.ActiveCfg = Release|Win32
		{B105ECEE-5CBF-4428-8FC8-840BD90D355E}.Release|x86.Build.0 = Release|Win32
		{1EF8FAAD-A45D-4C74-B046-45154B11245F}.Debug|x64.ActiveCfg = Debug|x64
		{1EF8FAAD-A45D-4C74-B046-45154B11245F}.Debug|x64.Build.0 = Debug|x64
		{1EF8FAAD-A45D-4C74-B046-45154B11245F}.Debug|x86.ActiveCfg = Debug|Win32
		{1EF8FAAD-A45D-4C74-B046-45154B11245F}.Debug|x86.Build.0 = Debug|Win32
		{1EF8FAAD-A45D-4C74-B046-45154B11245F}.Release|x64.ActiveCfg = Release|x64
		{1EF8FAAD-A45D-4C74-B046-45154B11245F}.Release|x64.Build.0 = Release|x64
		{1EF8FAAD-A45D-4C74-B046-45154B11245F}.Release|x86.ActiveCfg = Release|Win32
		{1EF8FAAD-A45D-4C74-B046-45154B11245F}.Release|x86.Build.0 = Release|Win32
		{46F95D01-B01A-429A-9C20-6C8CC4E3438C}.Debug|x64.ActiveCfg = Debug|x64
		{46F95D01-B01A-429A-9C20-6C8CC4E3438C}.Debug|x64.Build.0 = Debug|x64
		{46F95D01-B01A-429A-9C20-6C8CC4E3438C}.Debug|x86.ActiveCfg = Debug|Win32
		{46F95D01-B01A-429A-9C20-6C8CC4E3438C}.Debug|x86.Build.0 = Debug|Win32
		{46F95D01-B01A-429A-9C20-6C8CC4E3438C}.Release|x64.ActiveCfg = Release|x64
		{46F95D01-B01A-429A-9C20-6C8CC4E3438C}.Release|x64.Build.0 = Release|x64
		{46F95D01-B01A-429A-9C20-6C8CC4E3438C}.Release|x86.ActiveCfg = Release|Win32
		{46F95D01-B01A-429A-9C20-6C8CC4E3438C}.Release|x86.Build.0 = Release|Win32
	EndGlobalSection
	GlobalSection(SolutionProperties) = preSolution
		HideSolutionNode = FALSE
	EndGlobalSection
	GlobalSection(ExtensibilityGlobals) = postSolution
		SolutionGuid = {2D0B4535-87FF-4F8D-A5B6-87D36E944E74}
	EndGlobalSection
EndGlobal
