
Microsoft Visual Studio Solution File, Format Version 12.00
# Visual Studio Version 16
VisualStudioVersion = 16.0.29418.71
MinimumVisualStudioVersion = 10.0.40219.1
Project("{8BC9CEB8-8B4A-11D0-8D11-00A0C91BC942}") = "Create_Threads", "Create_Threads\Create_Threads.vcxproj", "{09F469E1-88E3-47D0-A7FC-FBD6E4196992}"
EndProject
Project("{8BC9CEB8-8B4A-11D0-8D11-00A0C91BC942}") = "Join_Detach_Threads", "Join_Detach_Threads\Join_Detach_Threads.vcxproj", "{A2386498-167B-4AC4-B698-9A9ADC77E07C}"
EndProject
Project("{8BC9CEB8-8B4A-11D0-8D11-00A0C91BC942}") = "Pass_Arguments_To_Threads", "Pass_Arguments_To_Threads\Pass_Arguments_To_Threads.vcxproj", "{F1DE7247-58DC-469C-9ECA-A0536FF21021}"
EndProject
Project("{8BC9CEB8-8B4A-11D0-8D11-00A0C91BC942}") = "Data_Sharing_and_Race_Conditions", "Data_Sharing_and_Race_Conditions\Data_Sharing_and_Race_Conditions.vcxproj", "{C46D52A5-A43A-43A5-A523-35E7510A3DD4}"
EndProject
Global
	GlobalSection(SolutionConfigurationPlatforms) = preSolution
		Debug|x64 = Debug|x64
		Debug|x86 = Debug|x86
		Release|x64 = Release|x64
		Release|x86 = Release|x86
	EndGlobalSection
	GlobalSection(ProjectConfigurationPlatforms) = postSolution
		{09F469E1-88E3-47D0-A7FC-FBD6E4196992}.Debug|x64.ActiveCfg = Debug|x64
		{09F469E1-88E3-47D0-A7FC-FBD6E4196992}.Debug|x64.Build.0 = Debug|x64
		{09F469E1-88E3-47D0-A7FC-FBD6E4196992}.Debug|x86.ActiveCfg = Debug|Win32
		{09F469E1-88E3-47D0-A7FC-FBD6E4196992}.Debug|x86.Build.0 = Debug|Win32
		{09F469E1-88E3-47D0-A7FC-FBD6E4196992}.Release|x64.ActiveCfg = Release|x64
		{09F469E1-88E3-47D0-A7FC-FBD6E4196992}.Release|x64.Build.0 = Release|x64
		{09F469E1-88E3-47D0-A7FC-FBD6E4196992}.Release|x86.ActiveCfg = Release|Win32
		{09F469E1-88E3-47D0-A7FC-FBD6E4196992}.Release|x86.Build.0 = Release|Win32
		{A2386498-167B-4AC4-B698-9A9ADC77E07C}.Debug|x64.ActiveCfg = Debug|x64
		{A2386498-167B-4AC4-B698-9A9ADC77E07C}.Debug|x64.Build.0 = Debug|x64
		{A2386498-167B-4AC4-B698-9A9ADC77E07C}.Debug|x86.ActiveCfg = Debug|Win32
		{A2386498-167B-4AC4-B698-9A9ADC77E07C}.Debug|x86.Build.0 = Debug|Win32
		{A2386498-167B-4AC4-B698-9A9ADC77E07C}.Release|x64.ActiveCfg = Release|x64
		{A2386498-167B-4AC4-B698-9A9ADC77E07C}.Release|x64.Build.0 = Release|x64
		{A2386498-167B-4AC4-B698-9A9ADC77E07C}.Release|x86.ActiveCfg = Release|Win32
		{A2386498-167B-4AC4-B698-9A9ADC77E07C}.Release|x86.Build.0 = Release|Win32
		{F1DE7247-58DC-469C-9ECA-A0536FF21021}.Debug|x64.ActiveCfg = Debug|x64
		{F1DE7247-58DC-469C-9ECA-A0536FF21021}.Debug|x64.Build.0 = Debug|x64
		{F1DE7247-58DC-469C-9ECA-A0536FF21021}.Debug|x86.ActiveCfg = Debug|Win32
		{F1DE7247-58DC-469C-9ECA-A0536FF21021}.Debug|x86.Build.0 = Debug|Win32
		{F1DE7247-58DC-469C-9ECA-A0536FF21021}.Release|x64.ActiveCfg = Release|x64
		{F1DE7247-58DC-469C-9ECA-A0536FF21021}.Release|x64.Build.0 = Release|x64
		{F1DE7247-58DC-469C-9ECA-A0536FF21021}.Release|x86.ActiveCfg = Release|Win32
		{F1DE7247-58DC-469C-9ECA-A0536FF21021}.Release|x86.Build.0 = Release|Win32
		{C46D52A5-A43A-43A5-A523-35E7510A3DD4}.Debug|x64.ActiveCfg = Debug|x64
		{C46D52A5-A43A-43A5-A523-35E7510A3DD4}.Debug|x64.Build.0 = Debug|x64
		{C46D52A5-A43A-43A5-A523-35E7510A3DD4}.Debug|x86.ActiveCfg = Debug|Win32
		{C46D52A5-A43A-43A5-A523-35E7510A3DD4}.Debug|x86.Build.0 = Debug|Win32
		{C46D52A5-A43A-43A5-A523-35E7510A3DD4}.Release|x64.ActiveCfg = Release|x64
		{C46D52A5-A43A-43A5-A523-35E7510A3DD4}.Release|x64.Build.0 = Release|x64
		{C46D52A5-A43A-43A5-A523-35E7510A3DD4}.Release|x86.ActiveCfg = Release|Win32
		{C46D52A5-A43A-43A5-A523-35E7510A3DD4}.Release|x86.Build.0 = Release|Win32
	EndGlobalSection
	GlobalSection(SolutionProperties) = preSolution
		HideSolutionNode = FALSE
	EndGlobalSection
	GlobalSection(ExtensibilityGlobals) = postSolution
		SolutionGuid = {3D064FB9-DB66-44F5-AA29-46D40131DAD4}
	EndGlobalSection
EndGlobal
