
Microsoft Visual Studio Solution File, Format Version 12.00
# Visual Studio Version 16
VisualStudioVersion = 16.0.29102.190
MinimumVisualStudioVersion = 10.0.40219.1
Project("{8BC9CEB8-8B4A-11D0-8D11-00A0C91BC942}") = "CaseStudy_Library", "CaseStudy_Library\CaseStudy_Library.vcxproj", "{B0F2B9BB-7F0A-4521-9955-9F4C982F1810}"
EndProject
Project("{8BC9CEB8-8B4A-11D0-8D11-00A0C91BC942}") = "Single_Linked_List", "Single_Linked_List\Single_Linked_List.vcxproj", "{1E83EF08-4B16-415F-BB73-85945EAF6551}"
EndProject
Global
	GlobalSection(SolutionConfigurationPlatforms) = preSolution
		Debug|x64 = Debug|x64
		Debug|x86 = Debug|x86
		Release|x64 = Release|x64
		Release|x86 = Release|x86
	EndGlobalSection
	GlobalSection(ProjectConfigurationPlatforms) = postSolution
		{B0F2B9BB-7F0A-4521-9955-9F4C982F1810}.Debug|x64.ActiveCfg = Debug|x64
		{B0F2B9BB-7F0A-4521-9955-9F4C982F1810}.Debug|x64.Build.0 = Debug|x64
		{B0F2B9BB-7F0A-4521-9955-9F4C982F1810}.Debug|x86.ActiveCfg = Debug|Win32
		{B0F2B9BB-7F0A-4521-9955-9F4C982F1810}.Debug|x86.Build.0 = Debug|Win32
		{B0F2B9BB-7F0A-4521-9955-9F4C982F1810}.Release|x64.ActiveCfg = Release|x64
		{B0F2B9BB-7F0A-4521-9955-9F4C982F1810}.Release|x64.Build.0 = Release|x64
		{B0F2B9BB-7F0A-4521-9955-9F4C982F1810}.Release|x86.ActiveCfg = Release|Win32
		{B0F2B9BB-7F0A-4521-9955-9F4C982F1810}.Release|x86.Build.0 = Release|Win32
		{1E83EF08-4B16-415F-BB73-85945EAF6551}.Debug|x64.ActiveCfg = Debug|x64
		{1E83EF08-4B16-415F-BB73-85945EAF6551}.Debug|x64.Build.0 = Debug|x64
		{1E83EF08-4B16-415F-BB73-85945EAF6551}.Debug|x86.ActiveCfg = Debug|Win32
		{1E83EF08-4B16-415F-BB73-85945EAF6551}.Debug|x86.Build.0 = Debug|Win32
		{1E83EF08-4B16-415F-BB73-85945EAF6551}.Release|x64.ActiveCfg = Release|x64
		{1E83EF08-4B16-415F-BB73-85945EAF6551}.Release|x64.Build.0 = Release|x64
		{1E83EF08-4B16-415F-BB73-85945EAF6551}.Release|x86.ActiveCfg = Release|Win32
		{1E83EF08-4B16-415F-BB73-85945EAF6551}.Release|x86.Build.0 = Release|Win32
	EndGlobalSection
	GlobalSection(SolutionProperties) = preSolution
		HideSolutionNode = FALSE
	EndGlobalSection
	GlobalSection(ExtensibilityGlobals) = postSolution
		SolutionGuid = {D627E077-02EA-4295-B1BA-4E3D9837CAD0}
	EndGlobalSection
EndGlobal
