
Microsoft Visual Studio Solution File, Format Version 12.00
# Visual Studio Version 16
VisualStudioVersion = 16.0.29209.62
MinimumVisualStudioVersion = 10.0.40219.1
Project("{8BC9CEB8-8B4A-11D0-8D11-00A0C91BC942}") = "Sequential_Container", "Sequential_Container\Sequential_Container.vcxproj", "{9EDF63FD-DF7C-41CA-B481-647FCCB7C604}"
EndProject
Project("{8BC9CEB8-8B4A-11D0-8D11-00A0C91BC942}") = "String_Container", "String_Container\String_Container.vcxproj", "{7F861D17-E7BD-4DD8-AF43-9AEC1DFB3CA1}"
EndProject
Global
	GlobalSection(SolutionConfigurationPlatforms) = preSolution
		Debug|x64 = Debug|x64
		Debug|x86 = Debug|x86
		Release|x64 = Release|x64
		Release|x86 = Release|x86
	EndGlobalSection
	GlobalSection(ProjectConfigurationPlatforms) = postSolution
		{9EDF63FD-DF7C-41CA-B481-647FCCB7C604}.Debug|x64.ActiveCfg = Debug|x64
		{9EDF63FD-DF7C-41CA-B481-647FCCB7C604}.Debug|x64.Build.0 = Debug|x64
		{9EDF63FD-DF7C-41CA-B481-647FCCB7C604}.Debug|x86.ActiveCfg = Debug|Win32
		{9EDF63FD-DF7C-41CA-B481-647FCCB7C604}.Debug|x86.Build.0 = Debug|Win32
		{9EDF63FD-DF7C-41CA-B481-647FCCB7C604}.Release|x64.ActiveCfg = Release|x64
		{9EDF63FD-DF7C-41CA-B481-647FCCB7C604}.Release|x64.Build.0 = Release|x64
		{9EDF63FD-DF7C-41CA-B481-647FCCB7C604}.Release|x86.ActiveCfg = Release|Win32
		{9EDF63FD-DF7C-41CA-B481-647FCCB7C604}.Release|x86.Build.0 = Release|Win32
		{7F861D17-E7BD-4DD8-AF43-9AEC1DFB3CA1}.Debug|x64.ActiveCfg = Debug|x64
		{7F861D17-E7BD-4DD8-AF43-9AEC1DFB3CA1}.Debug|x64.Build.0 = Debug|x64
		{7F861D17-E7BD-4DD8-AF43-9AEC1DFB3CA1}.Debug|x86.ActiveCfg = Debug|Win32
		{7F861D17-E7BD-4DD8-AF43-9AEC1DFB3CA1}.Debug|x86.Build.0 = Debug|Win32
		{7F861D17-E7BD-4DD8-AF43-9AEC1DFB3CA1}.Release|x64.ActiveCfg = Release|x64
		{7F861D17-E7BD-4DD8-AF43-9AEC1DFB3CA1}.Release|x64.Build.0 = Release|x64
		{7F861D17-E7BD-4DD8-AF43-9AEC1DFB3CA1}.Release|x86.ActiveCfg = Release|Win32
		{7F861D17-E7BD-4DD8-AF43-9AEC1DFB3CA1}.Release|x86.Build.0 = Release|Win32
	EndGlobalSection
	GlobalSection(SolutionProperties) = preSolution
		HideSolutionNode = FALSE
	EndGlobalSection
	GlobalSection(ExtensibilityGlobals) = postSolution
		SolutionGuid = {382260B1-AD98-4075-BDDC-A234007A2672}
	EndGlobalSection
EndGlobal
