
Microsoft Visual Studio Solution File, Format Version 10.00
# Visual Studio 2008
Project("{8BC9CEB8-8B4A-11D0-8D11-00A0C91BC942}") = "Stack_and_Queue", "Stack_and_Queue\Stack_and_Queue.vcproj", "{14D57790-2AD6-432F-884F-AD36178853B5}"
EndProject
Project("{8BC9CEB8-8B4A-11D0-8D11-00A0C91BC942}") = "CallBack_and_Interrupt", "CallBack_and_Interrupt\CallBack_and_Interrupt.vcproj", "{A9658456-2002-4AC1-9808-1605B429A8B0}"
EndProject
Global
	GlobalSection(SolutionConfigurationPlatforms) = preSolution
		Debug|Win32 = Debug|Win32
		Release|Win32 = Release|Win32
	EndGlobalSection
	GlobalSection(ProjectConfigurationPlatforms) = postSolution
		{14D57790-2AD6-432F-884F-AD36178853B5}.Debug|Win32.ActiveCfg = Debug|Win32
		{14D57790-2AD6-432F-884F-AD36178853B5}.Debug|Win32.Build.0 = Debug|Win32
		{14D57790-2AD6-432F-884F-AD36178853B5}.Release|Win32.ActiveCfg = Release|Win32
		{14D57790-2AD6-432F-884F-AD36178853B5}.Release|Win32.Build.0 = Release|Win32
		{A9658456-2002-4AC1-9808-1605B429A8B0}.Debug|Win32.ActiveCfg = Debug|Win32
		{A9658456-2002-4AC1-9808-1605B429A8B0}.Debug|Win32.Build.0 = Debug|Win32
		{A9658456-2002-4AC1-9808-1605B429A8B0}.Release|Win32.ActiveCfg = Release|Win32
		{A9658456-2002-4AC1-9808-1605B429A8B0}.Release|Win32.Build.0 = Release|Win32
	EndGlobalSection
	GlobalSection(SolutionProperties) = preSolution
		HideSolutionNode = FALSE
	EndGlobalSection
EndGlobal
